
Microsoft Visual Studio Solution File, Format Version 12.00
# Visual Studio 15
VisualStudioVersion = 15.0.27428.2005
MinimumVisualStudioVersion = 10.0.40219.1
Project("{FAE04EC0-301F-11D3-BF4B-00C04F79EFBC}") = "Wedding Vibes", "Wedding Vibes\Wedding Vibes.csproj", "{45E00F18-988F-4D8D-B038-E34EFB2740BB}"
EndProject
Global
	GlobalSection(SolutionConfigurationPlatforms) = preSolution
		Debug|Any CPU = Debug|Any CPU
		Release|Any CPU = Release|Any CPU
	EndGlobalSection
	GlobalSection(ProjectConfigurationPlatforms) = postSolution
		{45E00F18-988F-4D8D-B038-E34EFB2740BB}.Debug|Any CPU.ActiveCfg = Debug|Any CPU
		{45E00F18-988F-4D8D-B038-E34EFB2740BB}.Debug|Any CPU.Build.0 = Debug|Any CPU
		{45E00F18-988F-4D8D-B038-E34EFB2740BB}.Release|Any CPU.ActiveCfg = Release|Any CPU
		{45E00F18-988F-4D8D-B038-E34EFB2740BB}.Release|Any CPU.Build.0 = Release|Any CPU
	EndGlobalSection
	GlobalSection(SolutionProperties) = preSolution
		HideSolutionNode = FALSE
	EndGlobalSection
	GlobalSection(ExtensibilityGlobals) = postSolution
		SolutionGuid = {680FF5E0-98E6-4B44-B6A4-694604218D86}
	EndGlobalSection
EndGlobal
